<Solution>
  <Folder Name="/Solution Items/">
    <File Path="README.md" />
  </Folder>
  <Project Path="Audio/Audio.csproj" Id="4e938bf1-f743-4b73-b7f4-9197e3320907" />
  <Project Path="Clipboard.Windows/Clipboard.Windows.csproj" Id="bb86ef20-b911-4d95-90e2-db68f2043376" />
  <Project Path="Clipboard/Clipboard.csproj" Id="3d1a4c44-f069-40fd-af3a-d441c1460701" />
  <Project Path="DevDashboard/DevDashboard.csproj" />
  <Project Path="Pomodoro/Timers.csproj" Id="ebe532fd-3ea4-4e04-a52d-3b6a3e2dcd34" />
  <Project Path="Settings/Settings.csproj" Id="711100a3-4bac-49cb-828a-1d2071fbe635" />
  <Project Path="SystemMonitor/SystemMonitor.csproj" />
</Solution>
